
Microsoft Visual Studio Solution File, Format Version 12.00
# Visual Studio Version 17
VisualStudioVersion = 17.9.34622.214
MinimumVisualStudioVersion = 10.0.40219.1
Project("{FAE04EC0-301F-11D3-BF4B-00C04F79EFBC}") = "Consultorio.API", "Consultorio.API\Consultorio.API.csproj", "{FE136C58-C8D7-40B9-95ED-3D77733C1EC4}"
EndProject
Project("{FAE04EC0-301F-11D3-BF4B-00C04F79EFBC}") = "Consultorio.Infra.Data", "Consultorio.Data\Consultorio.Infra.Data.csproj", "{186E49E1-6605-4E51-9E64-354BBACFF5C8}"
EndProject
Project("{FAE04EC0-301F-11D3-BF4B-00C04F79EFBC}") = "Consultorio.Infra.IoC", "Consultorio.Infrastructure\Consultorio.Infra.IoC.csproj", "{92F8E450-085A-4319-BA29-9184D9B05D25}"
EndProject
Project("{FAE04EC0-301F-11D3-BF4B-00C04F79EFBC}") = "Consultorio.Domain", "Consultorio.Domain\Consultorio.Domain.csproj", "{B00FC51C-D213-4FFE-817D-5264DB0B36BC}"
EndProject
Project("{FAE04EC0-301F-11D3-BF4B-00C04F79EFBC}") = "Consultorio.Application", "Consultorio.Application\Consultorio.Application.csproj", "{E6FA9D88-584E-4A6B-818C-902A3F59335D}"
EndProject
Global
	GlobalSection(SolutionConfigurationPlatforms) = preSolution
		Debug|Any CPU = Debug|Any CPU
		Release|Any CPU = Release|Any CPU
	EndGlobalSection
	GlobalSection(ProjectConfigurationPlatforms) = postSolution
		{FE136C58-C8D7-40B9-95ED-3D77733C1EC4}.Debug|Any CPU.ActiveCfg = Debug|Any CPU
		{FE136C58-C8D7-40B9-95ED-3D77733C1EC4}.Debug|Any CPU.Build.0 = Debug|Any CPU
		{FE136C58-C8D7-40B9-95ED-3D77733C1EC4}.Release|Any CPU.ActiveCfg = Release|Any CPU
		{FE136C58-C8D7-40B9-95ED-3D77733C1EC4}.Release|Any CPU.Build.0 = Release|Any CPU
		{186E49E1-6605-4E51-9E64-354BBACFF5C8}.Debug|Any CPU.ActiveCfg = Debug|Any CPU
		{186E49E1-6605-4E51-9E64-354BBACFF5C8}.Debug|Any CPU.Build.0 = Debug|Any CPU
		{186E49E1-6605-4E51-9E64-354BBACFF5C8}.Release|Any CPU.ActiveCfg = Release|Any CPU
		{186E49E1-6605-4E51-9E64-354BBACFF5C8}.Release|Any CPU.Build.0 = Release|Any CPU
		{92F8E450-085A-4319-BA29-9184D9B05D25}.Debug|Any CPU.ActiveCfg = Debug|Any CPU
		{92F8E450-085A-4319-BA29-9184D9B05D25}.Debug|Any CPU.Build.0 = Debug|Any CPU
		{92F8E450-085A-4319-BA29-9184D9B05D25}.Release|Any CPU.ActiveCfg = Release|Any CPU
		{92F8E450-085A-4319-BA29-9184D9B05D25}.Release|Any CPU.Build.0 = Release|Any CPU
		{B00FC51C-D213-4FFE-817D-5264DB0B36BC}.Debug|Any CPU.ActiveCfg = Debug|Any CPU
		{B00FC51C-D213-4FFE-817D-5264DB0B36BC}.Debug|Any CPU.Build.0 = Debug|Any CPU
		{B00FC51C-D213-4FFE-817D-5264DB0B36BC}.Release|Any CPU.ActiveCfg = Release|Any CPU
		{B00FC51C-D213-4FFE-817D-5264DB0B36BC}.Release|Any CPU.Build.0 = Release|Any CPU
		{E6FA9D88-584E-4A6B-818C-902A3F59335D}.Debug|Any CPU.ActiveCfg = Debug|Any CPU
		{E6FA9D88-584E-4A6B-818C-902A3F59335D}.Debug|Any CPU.Build.0 = Debug|Any CPU
		{E6FA9D88-584E-4A6B-818C-902A3F59335D}.Release|Any CPU.ActiveCfg = Release|Any CPU
		{E6FA9D88-584E-4A6B-818C-902A3F59335D}.Release|Any CPU.Build.0 = Release|Any CPU
	EndGlobalSection
	GlobalSection(SolutionProperties) = preSolution
		HideSolutionNode = FALSE
	EndGlobalSection
	GlobalSection(ExtensibilityGlobals) = postSolution
		SolutionGuid = {85ACA04B-81FD-4918-AFDD-AC55F4F1389C}
	EndGlobalSection
EndGlobal
